// !$*UTF8*$!
{
	archiveVersion = 1;
	classes = {
	};
	objectVersion = 46;
	objects = {

/* Begin PBXBuildFile section */
		09E7D2B792A6D34B45E3F2FC /* RadioBrowserService.swift in Sources */ = {isa = PBXBuildFile; fileRef = ACB359B882FA888107857F2B /* RadioBrowserService.swift */; };
		16BFC1EF25414D91BFA99527 /* Assets.xcassets in Resources */ = {isa = PBXBuildFile; fileRef = C5845C9E8F5CC757821C9C82 /* Assets.xcassets */; };
		16F014E4116BC7849784032A /* WidgetViews.swift in Sources */ = {isa = PBXBuildFile; fileRef = C96D89A80098F24E5327BBF2 /* WidgetViews.swift */; };
		19F92315FC07541F777747AF /* Localizable.strings in Resources */ = {isa = PBXBuildFile; fileRef = 6F163942773F07A6958E6C5E /* Localizable.strings */; };
		1E34FE2D62FC692B2CDF34F7 /* Station.swift in Sources */ = {isa = PBXBuildFile; fileRef = F9D81094362F9985B6598358 /* Station.swift */; };
		238010ED228ACA724A2FCB6B /* StationEditor.swift in Sources */ = {isa = PBXBuildFile; fileRef = 27D8CABF57E323C928456D6A /* StationEditor.swift */; };
		3711521CC69E5DC711A7C258 /* AudioStreamTap.swift in Sources */ = {isa = PBXBuildFile; fileRef = 0C480849C9CD3F0DCCB8EDD4 /* AudioStreamTap.swift */; };
		3FA0DDB66A5B723526DFFDBD /* HistoryStore.swift in Sources */ = {isa = PBXBuildFile; fileRef = 0C1E7A33D8A218875643F4E1 /* HistoryStore.swift */; };
		3FB62AB00CE2DBC99DDE345B /* RadioWidget.swift in Sources */ = {isa = PBXBuildFile; fileRef = 31A58D7A4DFDC9F6EE8CA0CF /* RadioWidget.swift */; };
		439AF5019595E7FEA9EC81E0 /* StreamDecoder.swift in Sources */ = {isa = PBXBuildFile; fileRef = 4D35E9D14DC46A5267360BD3 /* StreamDecoder.swift */; };
		4762EFF17B946DF0AD2D1758 /* PrivacyInfo.xcprivacy in Resources */ = {isa = PBXBuildFile; fileRef = E1FFCAB04C25233C849CDB76 /* PrivacyInfo.xcprivacy */; };
		515ABA2A611305F7E3E41E4F /* WidgetAssets.xcassets in Resources */ = {isa = PBXBuildFile; fileRef = 1BDF4E6427D23687566AF161 /* WidgetAssets.xcassets */; };
		627F947B251ACBF201471914 /* SharedStore.swift in Sources */ = {isa = PBXBuildFile; fileRef = 86F0D18B36A6C9C084A4B3F1 /* SharedStore.swift */; };
		6A9D912C36EA1C1C1C9F6824 /* StationSearchView.swift in Sources */ = {isa = PBXBuildFile; fileRef = C06166B6561EB984E402B257 /* StationSearchView.swift */; };
		71DDF742B0CC2A7CB0B25DE9 /* WidgetViews.swift in Sources */ = {isa = PBXBuildFile; fileRef = C96D89A80098F24E5327BBF2 /* WidgetViews.swift */; };
		71FE1509B0577FDC0EFDE198 /* PrivacyInfo.xcprivacy in Resources */ = {isa = PBXBuildFile; fileRef = 00C2F9E75EA4D7D67DE7EDCB /* PrivacyInfo.xcprivacy */; };
		72EEDE36D8F3E8FD454A170C /* ContentView.swift in Sources */ = {isa = PBXBuildFile; fileRef = A648537F269B9F618FEF4B90 /* ContentView.swift */; };
		7A50FE1B103969E41AF571DF /* PlayerCommand.swift in Sources */ = {isa = PBXBuildFile; fileRef = E2E8774BEBCECB648A4DFA69 /* PlayerCommand.swift */; };
		81F3463F1D321CC5516D3883 /* Localizable.strings in Resources */ = {isa = PBXBuildFile; fileRef = 6F163942773F07A6958E6C5E /* Localizable.strings */; };
		87EF8A6AA192BDD308155709 /* ShazamService.swift in Sources */ = {isa = PBXBuildFile; fileRef = 42C9BB1F7600F00046E5A110 /* ShazamService.swift */; };
		8F02347973250089201E29BB /* MacRadioWidget.appex in Embed Foundation Extensions */ = {isa = PBXBuildFile; fileRef = 79526D2D2DBD1055FD75B824 /* MacRadioWidget.appex */; settings = {ATTRIBUTES = (RemoveHeadersOnCopy, ); }; };
		9B9B72E9E3F0035065987529 /* StreamIntro.swift in Sources */ = {isa = PBXBuildFile; fileRef = 5287A4A50A895E009FD7BFAE /* StreamIntro.swift */; };
		A063631D9907A95922592CD8 /* PlayerCommand.swift in Sources */ = {isa = PBXBuildFile; fileRef = E2E8774BEBCECB648A4DFA69 /* PlayerCommand.swift */; };
		A188A51BD5BF40483B823FD2 /* Palette.swift in Sources */ = {isa = PBXBuildFile; fileRef = 21E53CD3623729ECD758658D /* Palette.swift */; };
		AD5BF74C6A527B91D231DDB6 /* LyricsService.swift in Sources */ = {isa = PBXBuildFile; fileRef = 012AE9589ED4188E2BE270D8 /* LyricsService.swift */; };
		B4F63DB343C1EC20C5645702 /* WidgetAssets.xcassets in Resources */ = {isa = PBXBuildFile; fileRef = 1BDF4E6427D23687566AF161 /* WidgetAssets.xcassets */; };
		BF96BA3F9D8E100B2C6DD1C6 /* MacRadioApp.swift in Sources */ = {isa = PBXBuildFile; fileRef = 54C5702995E0868EE9582349 /* MacRadioApp.swift */; };
		C36BB6BB913A944756BAFEFD /* PlayerIntents.swift in Sources */ = {isa = PBXBuildFile; fileRef = 4047084E15B4EDEE5881DF0D /* PlayerIntents.swift */; };
		CC58E370B81D3E889A9F55E5 /* CommandHandler.swift in Sources */ = {isa = PBXBuildFile; fileRef = 745E26681AC975A80A97234B /* CommandHandler.swift */; };
		D6ED278946BE1EAE936688E5 /* StationsStore.swift in Sources */ = {isa = PBXBuildFile; fileRef = 485A4C448C5DE62A953BF02E /* StationsStore.swift */; };
		DD508EAAC8B11D5E3A6ECB35 /* PlayerIntents.swift in Sources */ = {isa = PBXBuildFile; fileRef = 4047084E15B4EDEE5881DF0D /* PlayerIntents.swift */; };
		E0CF865006565DB89CA440E3 /* NowPlayingView.swift in Sources */ = {isa = PBXBuildFile; fileRef = 46D593637FED125338A6588C /* NowPlayingView.swift */; };
		E103366C545C6F9D3EE91375 /* RadioPlayer.swift in Sources */ = {isa = PBXBuildFile; fileRef = 719530E281AC305FFB7BBD0A /* RadioPlayer.swift */; };
		E82DD08FE4CA4D2B8A993199 /* Palette.swift in Sources */ = {isa = PBXBuildFile; fileRef = 21E53CD3623729ECD758658D /* Palette.swift */; };
		E87A858D49CC979B2172A69D /* MenuBarPanel.swift in Sources */ = {isa = PBXBuildFile; fileRef = 6ACCD5128A9D46BC76E4EAA3 /* MenuBarPanel.swift */; };
		EAC6ECDBFEB15499C6B8D4C8 /* WidgetSnapshotRenderer.swift in Sources */ = {isa = PBXBuildFile; fileRef = 3218EF805E884D0591825AD2 /* WidgetSnapshotRenderer.swift */; };
		F2D37462F774273E170F5024 /* SettingsView.swift in Sources */ = {isa = PBXBuildFile; fileRef = C6966BFB9FFAA3966FB844AE /* SettingsView.swift */; };
		F2FC742484E97A6561DEB9A2 /* LocalStreamProxy.swift in Sources */ = {isa = PBXBuildFile; fileRef = F9F57C5566FD795F691EAF54 /* LocalStreamProxy.swift */; };
		F5DEEBEFE5398419DA2A781F /* HistoryView.swift in Sources */ = {isa = PBXBuildFile; fileRef = BAE3E5EB5D36BD2A9436F89B /* HistoryView.swift */; };
		F7BE7E0D821564A116A1BF69 /* SharedStore.swift in Sources */ = {isa = PBXBuildFile; fileRef = 86F0D18B36A6C9C084A4B3F1 /* SharedStore.swift */; };
/* End PBXBuildFile section */

/* Begin PBXContainerItemProxy section */
		37C89923EACE0556860459EF /* PBXContainerItemProxy */ = {
			isa = PBXContainerItemProxy;
			containerPortal = 9BE0B99DB8D72CD3C4908E8A /* Project object */;
			proxyType = 1;
			remoteGlobalIDString = D53A601246BB884D4506F640;
			remoteInfo = MacRadioWidget;
		};
/* End PBXContainerItemProxy section */

/* Begin PBXCopyFilesBuildPhase section */
		01BD90E02D8F8B95FADCDBA5 /* Embed Foundation Extensions */ = {
			isa = PBXCopyFilesBuildPhase;
			buildActionMask = 2147483647;
			dstPath = "";
			dstSubfolderSpec = 13;
			files = (
				8F02347973250089201E29BB /* MacRadioWidget.appex in Embed Foundation Extensions */,
			);
			name = "Embed Foundation Extensions";
			runOnlyForDeploymentPostprocessing = 0;
		};
/* End PBXCopyFilesBuildPhase section */

/* Begin PBXFileReference section */
		00C2F9E75EA4D7D67DE7EDCB /* PrivacyInfo.xcprivacy */ = {isa = PBXFileReference; includeInIndex = 1; path = PrivacyInfo.xcprivacy; sourceTree = "<group>"; };
		012AE9589ED4188E2BE270D8 /* LyricsService.swift */ = {isa = PBXFileReference; includeInIndex = 1; lastKnownFileType = sourcecode.swift; path = LyricsService.swift; sourceTree = "<group>"; };
		0C1E7A33D8A218875643F4E1 /* HistoryStore.swift */ = {isa = PBXFileReference; includeInIndex = 1; lastKnownFileType = sourcecode.swift; path = HistoryStore.swift; sourceTree = "<group>"; };
		0C480849C9CD3F0DCCB8EDD4 /* AudioStreamTap.swift */ = {isa = PBXFileReference; includeInIndex = 1; lastKnownFileType = sourcecode.swift; path = AudioStreamTap.swift; sourceTree = "<group>"; };
		13A92B56E48272C051806888 /* Info.plist */ = {isa = PBXFileReference; includeInIndex = 1; lastKnownFileType = text.plist.xml; path = Info.plist; sourceTree = "<group>"; };
		1BDF4E6427D23687566AF161 /* WidgetAssets.xcassets */ = {isa = PBXFileReference; includeInIndex = 1; lastKnownFileType = folder.assetcatalog; path = WidgetAssets.xcassets; sourceTree = "<group>"; };
		21E53CD3623729ECD758658D /* Palette.swift */ = {isa = PBXFileReference; includeInIndex = 1; lastKnownFileType = sourcecode.swift; path = Palette.swift; sourceTree = "<group>"; };
		243C8A97B05DE2B0DECFEA9A /* MacRadio.entitlements */ = {isa = PBXFileReference; includeInIndex = 1; lastKnownFileType = text.plist.entitlements; path = MacRadio.entitlements; sourceTree = "<group>"; };
		27D8CABF57E323C928456D6A /* StationEditor.swift */ = {isa = PBXFileReference; includeInIndex = 1; lastKnownFileType = sourcecode.swift; path = StationEditor.swift; sourceTree = "<group>"; };
		31A58D7A4DFDC9F6EE8CA0CF /* RadioWidget.swift */ = {isa = PBXFileReference; includeInIndex = 1; lastKnownFileType = sourcecode.swift; path = RadioWidget.swift; sourceTree = "<group>"; };
		3218EF805E884D0591825AD2 /* WidgetSnapshotRenderer.swift */ = {isa = PBXFileReference; includeInIndex = 1; lastKnownFileType = sourcecode.swift; path = WidgetSnapshotRenderer.swift; sourceTree = "<group>"; };
		4047084E15B4EDEE5881DF0D /* PlayerIntents.swift */ = {isa = PBXFileReference; includeInIndex = 1; lastKnownFileType = sourcecode.swift; path = PlayerIntents.swift; sourceTree = "<group>"; };
		42C9BB1F7600F00046E5A110 /* ShazamService.swift */ = {isa = PBXFileReference; includeInIndex = 1; lastKnownFileType = sourcecode.swift; path = ShazamService.swift; sourceTree = "<group>"; };
		46D593637FED125338A6588C /* NowPlayingView.swift */ = {isa = PBXFileReference; includeInIndex = 1; lastKnownFileType = sourcecode.swift; path = NowPlayingView.swift; sourceTree = "<group>"; };
		485A4C448C5DE62A953BF02E /* StationsStore.swift */ = {isa = PBXFileReference; includeInIndex = 1; lastKnownFileType = sourcecode.swift; path = StationsStore.swift; sourceTree = "<group>"; };
		4D35E9D14DC46A5267360BD3 /* StreamDecoder.swift */ = {isa = PBXFileReference; includeInIndex = 1; lastKnownFileType = sourcecode.swift; path = StreamDecoder.swift; sourceTree = "<group>"; };
		4DA30FC52E5B257A4F3C13F2 /* Info.plist */ = {isa = PBXFileReference; includeInIndex = 1; lastKnownFileType = text.plist.xml; path = Info.plist; sourceTree = "<group>"; };
		5287A4A50A895E009FD7BFAE /* StreamIntro.swift */ = {isa = PBXFileReference; includeInIndex = 1; lastKnownFileType = sourcecode.swift; path = StreamIntro.swift; sourceTree = "<group>"; };
		52DB04C289278CAB248B713A /* fr */ = {isa = PBXFileReference; includeInIndex = 1; lastKnownFileType = text.plist.strings; name = fr; path = Localization/fr.lproj/Localizable.strings; sourceTree = "<group>"; };
		54C5702995E0868EE9582349 /* MacRadioApp.swift */ = {isa = PBXFileReference; includeInIndex = 1; lastKnownFileType = sourcecode.swift; path = MacRadioApp.swift; sourceTree = "<group>"; };
		567BA7BC916E30BE31B45D8A /* MacRadio.app */ = {isa = PBXFileReference; explicitFileType = wrapper.application; includeInIndex = 0; path = MacRadio.app; sourceTree = BUILT_PRODUCTS_DIR; };
		595D73E4FF38797BE17D6C63 /* en */ = {isa = PBXFileReference; includeInIndex = 1; lastKnownFileType = text.plist.strings; name = en; path = Localization/en.lproj/Localizable.strings; sourceTree = "<group>"; };
		59C1C2D666AEB41DA5E69540 /* generate_project.rb */ = {isa = PBXFileReference; includeInIndex = 1; path = generate_project.rb; sourceTree = "<group>"; };
		6ACCD5128A9D46BC76E4EAA3 /* MenuBarPanel.swift */ = {isa = PBXFileReference; includeInIndex = 1; lastKnownFileType = sourcecode.swift; path = MenuBarPanel.swift; sourceTree = "<group>"; };
		6F40A464C91F4E2D01969E7F /* Cocoa.framework */ = {isa = PBXFileReference; lastKnownFileType = wrapper.framework; name = Cocoa.framework; path = Platforms/MacOSX.platform/Developer/SDKs/MacOSX15.0.sdk/System/Library/Frameworks/Cocoa.framework; sourceTree = DEVELOPER_DIR; };
		719530E281AC305FFB7BBD0A /* RadioPlayer.swift */ = {isa = PBXFileReference; includeInIndex = 1; lastKnownFileType = sourcecode.swift; path = RadioPlayer.swift; sourceTree = "<group>"; };
		745E26681AC975A80A97234B /* CommandHandler.swift */ = {isa = PBXFileReference; includeInIndex = 1; lastKnownFileType = sourcecode.swift; path = CommandHandler.swift; sourceTree = "<group>"; };
		79526D2D2DBD1055FD75B824 /* MacRadioWidget.appex */ = {isa = PBXFileReference; explicitFileType = "wrapper.app-extension"; includeInIndex = 0; path = MacRadioWidget.appex; sourceTree = BUILT_PRODUCTS_DIR; };
		86F0D18B36A6C9C084A4B3F1 /* SharedStore.swift */ = {isa = PBXFileReference; includeInIndex = 1; lastKnownFileType = sourcecode.swift; path = SharedStore.swift; sourceTree = "<group>"; };
		A648537F269B9F618FEF4B90 /* ContentView.swift */ = {isa = PBXFileReference; includeInIndex = 1; lastKnownFileType = sourcecode.swift; path = ContentView.swift; sourceTree = "<group>"; };
		ACB359B882FA888107857F2B /* RadioBrowserService.swift */ = {isa = PBXFileReference; includeInIndex = 1; lastKnownFileType = sourcecode.swift; path = RadioBrowserService.swift; sourceTree = "<group>"; };
		B86CE66A420A892E98DF3631 /* es */ = {isa = PBXFileReference; includeInIndex = 1; lastKnownFileType = text.plist.strings; name = es; path = Localization/es.lproj/Localizable.strings; sourceTree = "<group>"; };
		BAE3E5EB5D36BD2A9436F89B /* HistoryView.swift */ = {isa = PBXFileReference; includeInIndex = 1; lastKnownFileType = sourcecode.swift; path = HistoryView.swift; sourceTree = "<group>"; };
		BF50E314F657439A3F4D3264 /* pt */ = {isa = PBXFileReference; includeInIndex = 1; lastKnownFileType = text.plist.strings; name = pt; path = Localization/pt.lproj/Localizable.strings; sourceTree = "<group>"; };
		C06166B6561EB984E402B257 /* StationSearchView.swift */ = {isa = PBXFileReference; includeInIndex = 1; lastKnownFileType = sourcecode.swift; path = StationSearchView.swift; sourceTree = "<group>"; };
		C2B2EE10ADA0CCAC3F5F9C61 /* MacRadioWidget.entitlements */ = {isa = PBXFileReference; includeInIndex = 1; lastKnownFileType = text.plist.entitlements; path = MacRadioWidget.entitlements; sourceTree = "<group>"; };
		C5845C9E8F5CC757821C9C82 /* Assets.xcassets */ = {isa = PBXFileReference; includeInIndex = 1; lastKnownFileType = folder.assetcatalog; path = Assets.xcassets; sourceTree = "<group>"; };
		C6966BFB9FFAA3966FB844AE /* SettingsView.swift */ = {isa = PBXFileReference; includeInIndex = 1; lastKnownFileType = sourcecode.swift; path = SettingsView.swift; sourceTree = "<group>"; };
		C838DE99A36351ADF88ABBE9 /* make_icon.swift */ = {isa = PBXFileReference; includeInIndex = 1; lastKnownFileType = sourcecode.swift; path = make_icon.swift; sourceTree = "<group>"; };
		C96D89A80098F24E5327BBF2 /* WidgetViews.swift */ = {isa = PBXFileReference; includeInIndex = 1; lastKnownFileType = sourcecode.swift; path = WidgetViews.swift; sourceTree = "<group>"; };
		E1FFCAB04C25233C849CDB76 /* PrivacyInfo.xcprivacy */ = {isa = PBXFileReference; includeInIndex = 1; path = PrivacyInfo.xcprivacy; sourceTree = "<group>"; };
		E2E8774BEBCECB648A4DFA69 /* PlayerCommand.swift */ = {isa = PBXFileReference; includeInIndex = 1; lastKnownFileType = sourcecode.swift; path = PlayerCommand.swift; sourceTree = "<group>"; };
		F9D81094362F9985B6598358 /* Station.swift */ = {isa = PBXFileReference; includeInIndex = 1; lastKnownFileType = sourcecode.swift; path = Station.swift; sourceTree = "<group>"; };
		F9F57C5566FD795F691EAF54 /* LocalStreamProxy.swift */ = {isa = PBXFileReference; includeInIndex = 1; lastKnownFileType = sourcecode.swift; path = LocalStreamProxy.swift; sourceTree = "<group>"; };
		FB89CC0ADAD128D25A89F2BD /* de */ = {isa = PBXFileReference; includeInIndex = 1; lastKnownFileType = text.plist.strings; name = de; path = Localization/de.lproj/Localizable.strings; sourceTree = "<group>"; };
/* End PBXFileReference section */

/* Begin PBXFrameworksBuildPhase section */
		336B5EDC5732125366B29FB4 /* Frameworks */ = {
			isa = PBXFrameworksBuildPhase;
			buildActionMask = 2147483647;
			files = (
			);
			runOnlyForDeploymentPostprocessing = 0;
		};
		CF072E5D70D1F671CFEFB5AA /* Frameworks */ = {
			isa = PBXFrameworksBuildPhase;
			buildActionMask = 2147483647;
			files = (
			);
			runOnlyForDeploymentPostprocessing = 0;
		};
/* End PBXFrameworksBuildPhase section */

/* Begin PBXGroup section */
		07180776832C876905D2D3F2 /* MacRadio */ = {
			isa = PBXGroup;
			children = (
				C5845C9E8F5CC757821C9C82 /* Assets.xcassets */,
				0C480849C9CD3F0DCCB8EDD4 /* AudioStreamTap.swift */,
				745E26681AC975A80A97234B /* CommandHandler.swift */,
				A648537F269B9F618FEF4B90 /* ContentView.swift */,
				0C1E7A33D8A218875643F4E1 /* HistoryStore.swift */,
				BAE3E5EB5D36BD2A9436F89B /* HistoryView.swift */,
				4DA30FC52E5B257A4F3C13F2 /* Info.plist */,
				F9F57C5566FD795F691EAF54 /* LocalStreamProxy.swift */,
				012AE9589ED4188E2BE270D8 /* LyricsService.swift */,
				243C8A97B05DE2B0DECFEA9A /* MacRadio.entitlements */,
				54C5702995E0868EE9582349 /* MacRadioApp.swift */,
				6ACCD5128A9D46BC76E4EAA3 /* MenuBarPanel.swift */,
				46D593637FED125338A6588C /* NowPlayingView.swift */,
				E1FFCAB04C25233C849CDB76 /* PrivacyInfo.xcprivacy */,
				ACB359B882FA888107857F2B /* RadioBrowserService.swift */,
				719530E281AC305FFB7BBD0A /* RadioPlayer.swift */,
				C6966BFB9FFAA3966FB844AE /* SettingsView.swift */,
				42C9BB1F7600F00046E5A110 /* ShazamService.swift */,
				F9D81094362F9985B6598358 /* Station.swift */,
				27D8CABF57E323C928456D6A /* StationEditor.swift */,
				C06166B6561EB984E402B257 /* StationSearchView.swift */,
				485A4C448C5DE62A953BF02E /* StationsStore.swift */,
				4D35E9D14DC46A5267360BD3 /* StreamDecoder.swift */,
				5287A4A50A895E009FD7BFAE /* StreamIntro.swift */,
				3218EF805E884D0591825AD2 /* WidgetSnapshotRenderer.swift */,
			);
			name = MacRadio;
			path = MacRadio;
			sourceTree = "<group>";
		};
		16CE1ABE1800FDF8B75FA027 /* MacRadioWidget */ = {
			isa = PBXGroup;
			children = (
				13A92B56E48272C051806888 /* Info.plist */,
				C2B2EE10ADA0CCAC3F5F9C61 /* MacRadioWidget.entitlements */,
				00C2F9E75EA4D7D67DE7EDCB /* PrivacyInfo.xcprivacy */,
				31A58D7A4DFDC9F6EE8CA0CF /* RadioWidget.swift */,
			);
			name = MacRadioWidget;
			path = MacRadioWidget;
			sourceTree = "<group>";
		};
		2119272DF048B98875BFF453 /* Localization */ = {
			isa = PBXGroup;
			children = (
				6F163942773F07A6958E6C5E /* Localizable.strings */,
			);
			name = Localization;
			sourceTree = "<group>";
		};
		3996ABB2D12C53D5EC46A530 /* Shared */ = {
			isa = PBXGroup;
			children = (
				21E53CD3623729ECD758658D /* Palette.swift */,
				E2E8774BEBCECB648A4DFA69 /* PlayerCommand.swift */,
				4047084E15B4EDEE5881DF0D /* PlayerIntents.swift */,
				86F0D18B36A6C9C084A4B3F1 /* SharedStore.swift */,
				1BDF4E6427D23687566AF161 /* WidgetAssets.xcassets */,
				C96D89A80098F24E5327BBF2 /* WidgetViews.swift */,
			);
			name = Shared;
			path = Shared;
			sourceTree = "<group>";
		};
		86C2E7DD96203633DD1932C1 /* OS X */ = {
			isa = PBXGroup;
			children = (
				6F40A464C91F4E2D01969E7F /* Cocoa.framework */,
			);
			name = "OS X";
			sourceTree = "<group>";
		};
		8F90EFF8F506E58E53BF1F60 = {
			isa = PBXGroup;
			children = (
				B8B76A35CC158BDDEE2FF2A6 /* Products */,
				C16D4992250C4EF7949F0A22 /* Frameworks */,
				07180776832C876905D2D3F2 /* MacRadio */,
				16CE1ABE1800FDF8B75FA027 /* MacRadioWidget */,
				3996ABB2D12C53D5EC46A530 /* Shared */,
				2119272DF048B98875BFF453 /* Localization */,
				C3D8327C1CD8B673FF15769E /* Tools */,
			);
			sourceTree = "<group>";
		};
		B8B76A35CC158BDDEE2FF2A6 /* Products */ = {
			isa = PBXGroup;
			children = (
				567BA7BC916E30BE31B45D8A /* MacRadio.app */,
				79526D2D2DBD1055FD75B824 /* MacRadioWidget.appex */,
			);
			name = Products;
			sourceTree = "<group>";
		};
		C16D4992250C4EF7949F0A22 /* Frameworks */ = {
			isa = PBXGroup;
			children = (
				86C2E7DD96203633DD1932C1 /* OS X */,
			);
			name = Frameworks;
			sourceTree = "<group>";
		};
		C3D8327C1CD8B673FF15769E /* Tools */ = {
			isa = PBXGroup;
			children = (
				59C1C2D666AEB41DA5E69540 /* generate_project.rb */,
				C838DE99A36351ADF88ABBE9 /* make_icon.swift */,
			);
			name = Tools;
			path = Tools;
			sourceTree = "<group>";
		};
/* End PBXGroup section */

/* Begin PBXNativeTarget section */
		A8696F7129116308CF093037 /* MacRadio */ = {
			isa = PBXNativeTarget;
			buildConfigurationList = 21F96804882561784AF6EF5C /* Build configuration list for PBXNativeTarget "MacRadio" */;
			buildPhases = (
				5AA2D57B0FE53091115A1E57 /* Sources */,
				CF072E5D70D1F671CFEFB5AA /* Frameworks */,
				AE96A1A5BE1DBAF06A1ACFAB /* Resources */,
				01BD90E02D8F8B95FADCDBA5 /* Embed Foundation Extensions */,
			);
			buildRules = (
			);
			dependencies = (
				4D1E86FEBBEA487AF259F1A4 /* PBXTargetDependency */,
			);
			name = MacRadio;
			productName = MacRadio;
			productReference = 567BA7BC916E30BE31B45D8A /* MacRadio.app */;
			productType = "com.apple.product-type.application";
		};
		D53A601246BB884D4506F640 /* MacRadioWidget */ = {
			isa = PBXNativeTarget;
			buildConfigurationList = FD47F405E371E6FCB309AC9F /* Build configuration list for PBXNativeTarget "MacRadioWidget" */;
			buildPhases = (
				52F290B48337D646C2045B76 /* Sources */,
				336B5EDC5732125366B29FB4 /* Frameworks */,
				98C58703362D67B4927F696B /* Resources */,
			);
			buildRules = (
			);
			dependencies = (
			);
			name = MacRadioWidget;
			productName = MacRadioWidget;
			productReference = 79526D2D2DBD1055FD75B824 /* MacRadioWidget.appex */;
			productType = "com.apple.product-type.app-extension";
		};
/* End PBXNativeTarget section */

/* Begin PBXProject section */
		9BE0B99DB8D72CD3C4908E8A /* Project object */ = {
			isa = PBXProject;
			attributes = {
				LastSwiftUpdateCheck = 1600;
				LastUpgradeCheck = 2700;
			};
			buildConfigurationList = 388B10A3DA20F6FF62858BEE /* Build configuration list for PBXProject "MacRadio" */;
			compatibilityVersion = "Xcode 3.2";
			developmentRegion = es;
			hasScannedForEncodings = 0;
			knownRegions = (
				es,
				en,
				fr,
				de,
				pt,
				Base,
			);
			mainGroup = 8F90EFF8F506E58E53BF1F60;
			minimizedProjectReferenceProxies = 0;
			preferredProjectObjectVersion = 77;
			productRefGroup = B8B76A35CC158BDDEE2FF2A6 /* Products */;
			projectDirPath = "";
			projectRoot = "";
			targets = (
				A8696F7129116308CF093037 /* MacRadio */,
				D53A601246BB884D4506F640 /* MacRadioWidget */,
			);
		};
/* End PBXProject section */

/* Begin PBXResourcesBuildPhase section */
		98C58703362D67B4927F696B /* Resources */ = {
			isa = PBXResourcesBuildPhase;
			buildActionMask = 2147483647;
			files = (
				71FE1509B0577FDC0EFDE198 /* PrivacyInfo.xcprivacy in Resources */,
				B4F63DB343C1EC20C5645702 /* WidgetAssets.xcassets in Resources */,
				81F3463F1D321CC5516D3883 /* Localizable.strings in Resources */,
			);
			runOnlyForDeploymentPostprocessing = 0;
		};
		AE96A1A5BE1DBAF06A1ACFAB /* Resources */ = {
			isa = PBXResourcesBuildPhase;
			buildActionMask = 2147483647;
			files = (
				16BFC1EF25414D91BFA99527 /* Assets.xcassets in Resources */,
				4762EFF17B946DF0AD2D1758 /* PrivacyInfo.xcprivacy in Resources */,
				515ABA2A611305F7E3E41E4F /* WidgetAssets.xcassets in Resources */,
				19F92315FC07541F777747AF /* Localizable.strings in Resources */,
			);
			runOnlyForDeploymentPostprocessing = 0;
		};
/* End PBXResourcesBuildPhase section */

/* Begin PBXSourcesBuildPhase section */
		52F290B48337D646C2045B76 /* Sources */ = {
			isa = PBXSourcesBuildPhase;
			buildActionMask = 2147483647;
			files = (
				3FB62AB00CE2DBC99DDE345B /* RadioWidget.swift in Sources */,
				A188A51BD5BF40483B823FD2 /* Palette.swift in Sources */,
				A063631D9907A95922592CD8 /* PlayerCommand.swift in Sources */,
				C36BB6BB913A944756BAFEFD /* PlayerIntents.swift in Sources */,
				F7BE7E0D821564A116A1BF69 /* SharedStore.swift in Sources */,
				71DDF742B0CC2A7CB0B25DE9 /* WidgetViews.swift in Sources */,
			);
			runOnlyForDeploymentPostprocessing = 0;
		};
		5AA2D57B0FE53091115A1E57 /* Sources */ = {
			isa = PBXSourcesBuildPhase;
			buildActionMask = 2147483647;
			files = (
				3711521CC69E5DC711A7C258 /* AudioStreamTap.swift in Sources */,
				CC58E370B81D3E889A9F55E5 /* CommandHandler.swift in Sources */,
				72EEDE36D8F3E8FD454A170C /* ContentView.swift in Sources */,
				3FA0DDB66A5B723526DFFDBD /* HistoryStore.swift in Sources */,
				F5DEEBEFE5398419DA2A781F /* HistoryView.swift in Sources */,
				F2FC742484E97A6561DEB9A2 /* LocalStreamProxy.swift in Sources */,
				AD5BF74C6A527B91D231DDB6 /* LyricsService.swift in Sources */,
				BF96BA3F9D8E100B2C6DD1C6 /* MacRadioApp.swift in Sources */,
				E87A858D49CC979B2172A69D /* MenuBarPanel.swift in Sources */,
				E0CF865006565DB89CA440E3 /* NowPlayingView.swift in Sources */,
				09E7D2B792A6D34B45E3F2FC /* RadioBrowserService.swift in Sources */,
				E103366C545C6F9D3EE91375 /* RadioPlayer.swift in Sources */,
				F2D37462F774273E170F5024 /* SettingsView.swift in Sources */,
				87EF8A6AA192BDD308155709 /* ShazamService.swift in Sources */,
				1E34FE2D62FC692B2CDF34F7 /* Station.swift in Sources */,
				238010ED228ACA724A2FCB6B /* StationEditor.swift in Sources */,
				6A9D912C36EA1C1C1C9F6824 /* StationSearchView.swift in Sources */,
				D6ED278946BE1EAE936688E5 /* StationsStore.swift in Sources */,
				439AF5019595E7FEA9EC81E0 /* StreamDecoder.swift in Sources */,
				9B9B72E9E3F0035065987529 /* StreamIntro.swift in Sources */,
				EAC6ECDBFEB15499C6B8D4C8 /* WidgetSnapshotRenderer.swift in Sources */,
				E82DD08FE4CA4D2B8A993199 /* Palette.swift in Sources */,
				7A50FE1B103969E41AF571DF /* PlayerCommand.swift in Sources */,
				DD508EAAC8B11D5E3A6ECB35 /* PlayerIntents.swift in Sources */,
				627F947B251ACBF201471914 /* SharedStore.swift in Sources */,
				16F014E4116BC7849784032A /* WidgetViews.swift in Sources */,
			);
			runOnlyForDeploymentPostprocessing = 0;
		};
/* End PBXSourcesBuildPhase section */

/* Begin PBXTargetDependency section */
		4D1E86FEBBEA487AF259F1A4 /* PBXTargetDependency */ = {
			isa = PBXTargetDependency;
			name = MacRadioWidget;
			target = D53A601246BB884D4506F640 /* MacRadioWidget */;
			targetProxy = 37C89923EACE0556860459EF /* PBXContainerItemProxy */;
		};
/* End PBXTargetDependency section */

/* Begin PBXVariantGroup section */
		6F163942773F07A6958E6C5E /* Localizable.strings */ = {
			isa = PBXVariantGroup;
			children = (
				B86CE66A420A892E98DF3631 /* es */,
				595D73E4FF38797BE17D6C63 /* en */,
				52DB04C289278CAB248B713A /* fr */,
				FB89CC0ADAD128D25A89F2BD /* de */,
				BF50E314F657439A3F4D3264 /* pt */,
			);
			name = Localizable.strings;
			sourceTree = "<group>";
		};
/* End PBXVariantGroup section */

/* Begin XCBuildConfiguration section */
		1031BA925E16C9BC2958796A /* Debug */ = {
			isa = XCBuildConfiguration;
			buildSettings = {
				ASSETCATALOG_COMPILER_APPICON_NAME = AppIcon;
				ASSETCATALOG_COMPILER_GLOBAL_ACCENT_COLOR_NAME = AccentColor;
				CODE_SIGN_ENTITLEMENTS = MacRadio/MacRadio.entitlements;
				COMBINE_HIDPI_IMAGES = YES;
				GENERATE_INFOPLIST_FILE = NO;
				INFOPLIST_FILE = MacRadio/Info.plist;
				LD_RUNPATH_SEARCH_PATHS = "$(inherited) @executable_path/../Frameworks";
				MACOSX_DEPLOYMENT_TARGET = 26.0;
				PRODUCT_BUNDLE_IDENTIFIER = Altamirano.MacRadio;
				PRODUCT_NAME = MacRadio;
				SDKROOT = macosx;
				SWIFT_ACTIVE_COMPILATION_CONDITIONS = "$(inherited) MACRADIO_APP";
				SWIFT_DEFAULT_ACTOR_ISOLATION = MainActor;
			};
			name = Debug;
		};
		1AB6928A76865973E6C8E8A4 /* Release */ = {
			isa = XCBuildConfiguration;
			buildSettings = {
				ALWAYS_SEARCH_USER_PATHS = NO;
				CLANG_ANALYZER_NONNULL = YES;
				CLANG_ANALYZER_NUMBER_OBJECT_CONVERSION = YES_AGGRESSIVE;
				CLANG_CXX_LANGUAGE_STANDARD = "gnu++14";
				CLANG_CXX_LIBRARY = "libc++";
				CLANG_ENABLE_MODULES = YES;
				CLANG_ENABLE_OBJC_ARC = YES;
				CLANG_ENABLE_OBJC_WEAK = YES;
				CLANG_WARN_BLOCK_CAPTURE_AUTORELEASING = YES;
				CLANG_WARN_BOOL_CONVERSION = YES;
				CLANG_WARN_COMMA = YES;
				CLANG_WARN_CONSTANT_CONVERSION = YES;
				CLANG_WARN_DEPRECATED_OBJC_IMPLEMENTATIONS = YES;
				CLANG_WARN_DIRECT_OBJC_ISA_USAGE = YES_ERROR;
				CLANG_WARN_DOCUMENTATION_COMMENTS = YES;
				CLANG_WARN_EMPTY_BODY = YES;
				CLANG_WARN_ENUM_CONVERSION = YES;
				CLANG_WARN_INFINITE_RECURSION = YES;
				CLANG_WARN_INT_CONVERSION = YES;
				CLANG_WARN_NON_LITERAL_NULL_CONVERSION = YES;
				CLANG_WARN_OBJC_IMPLICIT_RETAIN_SELF = YES;
				CLANG_WARN_OBJC_LITERAL_CONVERSION = YES;
				CLANG_WARN_OBJC_ROOT_CLASS = YES_ERROR;
				CLANG_WARN_QUOTED_INCLUDE_IN_FRAMEWORK_HEADER = YES;
				CLANG_WARN_RANGE_LOOP_ANALYSIS = YES;
				CLANG_WARN_STRICT_PROTOTYPES = YES;
				CLANG_WARN_SUSPICIOUS_MOVE = YES;
				CLANG_WARN_UNGUARDED_AVAILABILITY = YES_AGGRESSIVE;
				CLANG_WARN_UNREACHABLE_CODE = YES;
				CLANG_WARN__DUPLICATE_METHOD_MATCH = YES;
				CODE_SIGN_IDENTITY = "Developer ID Application";
				CODE_SIGN_STYLE = Manual;
				COPY_PHASE_STRIP = NO;
				CURRENT_PROJECT_VERSION = 1;
				DEBUG_INFORMATION_FORMAT = "dwarf-with-dsym";
				DEVELOPMENT_TEAM = JKMR84FU58;
				ENABLE_HARDENED_RUNTIME = YES;
				ENABLE_NS_ASSERTIONS = NO;
				ENABLE_STRICT_OBJC_MSGSEND = YES;
				ENABLE_USER_SCRIPT_SANDBOXING = YES;
				GCC_C_LANGUAGE_STANDARD = gnu11;
				GCC_NO_COMMON_BLOCKS = YES;
				GCC_WARN_64_TO_32_BIT_CONVERSION = YES;
				GCC_WARN_ABOUT_RETURN_TYPE = YES_ERROR;
				GCC_WARN_UNDECLARED_SELECTOR = YES;
				GCC_WARN_UNINITIALIZED_AUTOS = YES_AGGRESSIVE;
				GCC_WARN_UNUSED_FUNCTION = YES;
				GCC_WARN_UNUSED_VARIABLE = YES;
				MACOSX_DEPLOYMENT_TARGET = 26.0;
				MARKETING_VERSION = 1.0;
				MTL_ENABLE_DEBUG_INFO = NO;
				MTL_FAST_MATH = YES;
				PRODUCT_NAME = "$(TARGET_NAME)";
				SWIFT_APPROACHABLE_CONCURRENCY = YES;
				SWIFT_COMPILATION_MODE = wholemodule;
				SWIFT_EMIT_LOC_STRINGS = YES;
				SWIFT_OPTIMIZATION_LEVEL = "-O";
				SWIFT_UPCOMING_FEATURE_MEMBER_IMPORT_VISIBILITY = YES;
				SWIFT_VERSION = 6.0;
			};
			name = Release;
		};
		58C9ACA9B7851B4EA7B3EBB4 /* Debug */ = {
			isa = XCBuildConfiguration;
			buildSettings = {
				ALWAYS_SEARCH_USER_PATHS = NO;
				CLANG_ANALYZER_NONNULL = YES;
				CLANG_ANALYZER_NUMBER_OBJECT_CONVERSION = YES_AGGRESSIVE;
				CLANG_CXX_LANGUAGE_STANDARD = "gnu++14";
				CLANG_CXX_LIBRARY = "libc++";
				CLANG_ENABLE_MODULES = YES;
				CLANG_ENABLE_OBJC_ARC = YES;
				CLANG_ENABLE_OBJC_WEAK = YES;
				CLANG_WARN_BLOCK_CAPTURE_AUTORELEASING = YES;
				CLANG_WARN_BOOL_CONVERSION = YES;
				CLANG_WARN_COMMA = YES;
				CLANG_WARN_CONSTANT_CONVERSION = YES;
				CLANG_WARN_DEPRECATED_OBJC_IMPLEMENTATIONS = YES;
				CLANG_WARN_DIRECT_OBJC_ISA_USAGE = YES_ERROR;
				CLANG_WARN_DOCUMENTATION_COMMENTS = YES;
				CLANG_WARN_EMPTY_BODY = YES;
				CLANG_WARN_ENUM_CONVERSION = YES;
				CLANG_WARN_INFINITE_RECURSION = YES;
				CLANG_WARN_INT_CONVERSION = YES;
				CLANG_WARN_NON_LITERAL_NULL_CONVERSION = YES;
				CLANG_WARN_OBJC_IMPLICIT_RETAIN_SELF = YES;
				CLANG_WARN_OBJC_LITERAL_CONVERSION = YES;
				CLANG_WARN_OBJC_ROOT_CLASS = YES_ERROR;
				CLANG_WARN_QUOTED_INCLUDE_IN_FRAMEWORK_HEADER = YES;
				CLANG_WARN_RANGE_LOOP_ANALYSIS = YES;
				CLANG_WARN_STRICT_PROTOTYPES = YES;
				CLANG_WARN_SUSPICIOUS_MOVE = YES;
				CLANG_WARN_UNGUARDED_AVAILABILITY = YES_AGGRESSIVE;
				CLANG_WARN_UNREACHABLE_CODE = YES;
				CLANG_WARN__DUPLICATE_METHOD_MATCH = YES;
				CODE_SIGN_IDENTITY = "Developer ID Application";
				CODE_SIGN_STYLE = Manual;
				COPY_PHASE_STRIP = NO;
				CURRENT_PROJECT_VERSION = 1;
				DEBUG_INFORMATION_FORMAT = dwarf;
				DEVELOPMENT_TEAM = JKMR84FU58;
				ENABLE_HARDENED_RUNTIME = YES;
				ENABLE_STRICT_OBJC_MSGSEND = YES;
				ENABLE_TESTABILITY = YES;
				ENABLE_USER_SCRIPT_SANDBOXING = YES;
				GCC_C_LANGUAGE_STANDARD = gnu11;
				GCC_DYNAMIC_NO_PIC = NO;
				GCC_NO_COMMON_BLOCKS = YES;
				GCC_OPTIMIZATION_LEVEL = 0;
				GCC_PREPROCESSOR_DEFINITIONS = (
					"DEBUG=1",
					"$(inherited)",
				);
				GCC_WARN_64_TO_32_BIT_CONVERSION = YES;
				GCC_WARN_ABOUT_RETURN_TYPE = YES_ERROR;
				GCC_WARN_UNDECLARED_SELECTOR = YES;
				GCC_WARN_UNINITIALIZED_AUTOS = YES_AGGRESSIVE;
				GCC_WARN_UNUSED_FUNCTION = YES;
				GCC_WARN_UNUSED_VARIABLE = YES;
				MACOSX_DEPLOYMENT_TARGET = 26.0;
				MARKETING_VERSION = 1.0;
				MTL_ENABLE_DEBUG_INFO = INCLUDE_SOURCE;
				MTL_FAST_MATH = YES;
				ONLY_ACTIVE_ARCH = YES;
				PRODUCT_NAME = "$(TARGET_NAME)";
				SWIFT_ACTIVE_COMPILATION_CONDITIONS = DEBUG;
				SWIFT_APPROACHABLE_CONCURRENCY = YES;
				SWIFT_EMIT_LOC_STRINGS = YES;
				SWIFT_OPTIMIZATION_LEVEL = "-Onone";
				SWIFT_UPCOMING_FEATURE_MEMBER_IMPORT_VISIBILITY = YES;
				SWIFT_VERSION = 6.0;
			};
			name = Debug;
		};
		78639480C2D66C1691AEC7A2 /* Debug */ = {
			isa = XCBuildConfiguration;
			buildSettings = {
				CODE_SIGN_ENTITLEMENTS = MacRadioWidget/MacRadioWidget.entitlements;
				GENERATE_INFOPLIST_FILE = NO;
				INFOPLIST_FILE = MacRadioWidget/Info.plist;
				LD_RUNPATH_SEARCH_PATHS = "$(inherited) @executable_path/../Frameworks @executable_path/../../../../Frameworks";
				MACOSX_DEPLOYMENT_TARGET = 26.0;
				PRODUCT_BUNDLE_IDENTIFIER = Altamirano.MacRadio.Widget;
				PRODUCT_NAME = MacRadioWidget;
				SDKROOT = macosx;
				SKIP_INSTALL = YES;
			};
			name = Debug;
		};
		A93251337B8DFDC72BD07F32 /* Release */ = {
			isa = XCBuildConfiguration;
			buildSettings = {
				CODE_SIGN_ENTITLEMENTS = MacRadioWidget/MacRadioWidget.entitlements;
				GENERATE_INFOPLIST_FILE = NO;
				INFOPLIST_FILE = MacRadioWidget/Info.plist;
				LD_RUNPATH_SEARCH_PATHS = "$(inherited) @executable_path/../Frameworks @executable_path/../../../../Frameworks";
				MACOSX_DEPLOYMENT_TARGET = 26.0;
				PRODUCT_BUNDLE_IDENTIFIER = Altamirano.MacRadio.Widget;
				PRODUCT_NAME = MacRadioWidget;
				SDKROOT = macosx;
				SKIP_INSTALL = YES;
			};
			name = Release;
		};
		B8DBF0E0DEF8AB888D0B1612 /* Release */ = {
			isa = XCBuildConfiguration;
			buildSettings = {
				ASSETCATALOG_COMPILER_APPICON_NAME = AppIcon;
				ASSETCATALOG_COMPILER_GLOBAL_ACCENT_COLOR_NAME = AccentColor;
				CODE_SIGN_ENTITLEMENTS = MacRadio/MacRadio.entitlements;
				COMBINE_HIDPI_IMAGES = YES;
				GENERATE_INFOPLIST_FILE = NO;
				INFOPLIST_FILE = MacRadio/Info.plist;
				LD_RUNPATH_SEARCH_PATHS = "$(inherited) @executable_path/../Frameworks";
				MACOSX_DEPLOYMENT_TARGET = 26.0;
				PRODUCT_BUNDLE_IDENTIFIER = Altamirano.MacRadio;
				PRODUCT_NAME = MacRadio;
				SDKROOT = macosx;
				SWIFT_ACTIVE_COMPILATION_CONDITIONS = "$(inherited) MACRADIO_APP";
				SWIFT_DEFAULT_ACTOR_ISOLATION = MainActor;
			};
			name = Release;
		};
/* End XCBuildConfiguration section */

/* Begin XCConfigurationList section */
		21F96804882561784AF6EF5C /* Build configuration list for PBXNativeTarget "MacRadio" */ = {
			isa = XCConfigurationList;
			buildConfigurations = (
				B8DBF0E0DEF8AB888D0B1612 /* Release */,
				1031BA925E16C9BC2958796A /* Debug */,
			);
			defaultConfigurationIsVisible = 0;
			defaultConfigurationName = Release;
		};
		388B10A3DA20F6FF62858BEE /* Build configuration list for PBXProject "MacRadio" */ = {
			isa = XCConfigurationList;
			buildConfigurations = (
				58C9ACA9B7851B4EA7B3EBB4 /* Debug */,
				1AB6928A76865973E6C8E8A4 /* Release */,
			);
			defaultConfigurationIsVisible = 0;
			defaultConfigurationName = Release;
		};
		FD47F405E371E6FCB309AC9F /* Build configuration list for PBXNativeTarget "MacRadioWidget" */ = {
			isa = XCConfigurationList;
			buildConfigurations = (
				A93251337B8DFDC72BD07F32 /* Release */,
				78639480C2D66C1691AEC7A2 /* Debug */,
			);
			defaultConfigurationIsVisible = 0;
			defaultConfigurationName = Release;
		};
/* End XCConfigurationList section */
	};
	rootObject = 9BE0B99DB8D72CD3C4908E8A /* Project object */;
}
